
Microsoft Visual Studio Solution File, Format Version 12.00
# Visual Studio 2012
Project("{FAE04EC0-301F-11D3-BF4B-00C04F79EFBC}") = "HcJ", "HcJ\HcJ.csproj", "{09AE4174-75B9-41FF-8340-E9BF699EB2EC}"
EndProject
Global
	GlobalSection(SolutionConfigurationPlatforms) = preSolution
		Debug|Any CPU = Debug|Any CPU
		Release|Any CPU = Release|Any CPU
	EndGlobalSection
	GlobalSection(ProjectConfigurationPlatforms) = postSolution
		{09AE4174-75B9-41FF-8340-E9BF699EB2EC}.Debug|Any CPU.ActiveCfg = Debug|Any CPU
		{09AE4174-75B9-41FF-8340-E9BF699EB2EC}.Debug|Any CPU.Build.0 = Debug|Any CPU
		{09AE4174-75B9-41FF-8340-E9BF699EB2EC}.Release|Any CPU.ActiveCfg = Release|Any CPU
		{09AE4174-75B9-41FF-8340-E9BF699EB2EC}.Release|Any CPU.Build.0 = Release|Any CPU
	EndGlobalSection
	GlobalSection(SolutionProperties) = preSolution
		HideSolutionNode = FALSE
	EndGlobalSection
EndGlobal
